
Microsoft Visual Studio Solution File, Format Version 12.00
# Visual Studio Version 17
VisualStudioVersion = 17.8.34316.72
MinimumVisualStudioVersion = 10.0.40219.1
Project("{9A19103F-16F7-4668-BE54-9A1E7A4F7556}") = "Umbraco.Commerce.ProductFeeds.Infrastructure", "src\Umbraco.Commerce.ProductFeeds.Infrastructure\Umbraco.Commerce.ProductFeeds.Infrastructure.csproj", "{B87B889C-37A7-4883-BBFD-2FE2F8E34698}"
EndProject
Project("{9A19103F-16F7-4668-BE54-9A1E7A4F7556}") = "Umbraco.Commerce.ProductFeeds.Core", "src\Umbraco.Commerce.ProductFeeds.Core\Umbraco.Commerce.ProductFeeds.Core.csproj", "{345539B5-D383-4448-9F61-67CD86630F39}"
EndProject
Project("{9A19103F-16F7-4668-BE54-9A1E7A4F7556}") = "Umbraco.Commerce.ProductFeeds.Web", "src\Umbraco.Commerce.ProductFeeds.Web\Umbraco.Commerce.ProductFeeds.Web.csproj", "{B8DE4FAC-0440-4FAB-AF63-A1BD7ED43D69}"
EndProject
Project("{2150E333-8FDC-42A3-9474-1A3956D46DE8}") = "tests", "tests", "{A0DEA483-7FB6-4C5B-B801-EF5232E895D0}"
EndProject
Project("{FAE04EC0-301F-11D3-BF4B-00C04F79EFBC}") = "Umbraco.Commerce.ProductFeeds.Infrastructure.UnitTests", "tests\Umbraco.Commerce.ProductFeeds.Infrastructure.UnitTests\Umbraco.Commerce.ProductFeeds.Infrastructure.UnitTests.csproj", "{1E9407C0-4D66-45B2-BEAC-E179EEE3303E}"
EndProject
Global
	GlobalSection(SolutionConfigurationPlatforms) = preSolution
		Debug|Any CPU = Debug|Any CPU
		Release|Any CPU = Release|Any CPU
	EndGlobalSection
	GlobalSection(ProjectConfigurationPlatforms) = postSolution
		{B87B889C-37A7-4883-BBFD-2FE2F8E34698}.Debug|Any CPU.ActiveCfg = Debug|Any CPU
		{B87B889C-37A7-4883-BBFD-2FE2F8E34698}.Debug|Any CPU.Build.0 = Debug|Any CPU
		{B87B889C-37A7-4883-BBFD-2FE2F8E34698}.Release|Any CPU.ActiveCfg = Release|Any CPU
		{B87B889C-37A7-4883-BBFD-2FE2F8E34698}.Release|Any CPU.Build.0 = Release|Any CPU
		{345539B5-D383-4448-9F61-67CD86630F39}.Debug|Any CPU.ActiveCfg = Debug|Any CPU
		{345539B5-D383-4448-9F61-67CD86630F39}.Debug|Any CPU.Build.0 = Debug|Any CPU
		{345539B5-D383-4448-9F61-67CD86630F39}.Release|Any CPU.ActiveCfg = Release|Any CPU
		{345539B5-D383-4448-9F61-67CD86630F39}.Release|Any CPU.Build.0 = Release|Any CPU
		{B8DE4FAC-0440-4FAB-AF63-A1BD7ED43D69}.Debug|Any CPU.ActiveCfg = Debug|Any CPU
		{B8DE4FAC-0440-4FAB-AF63-A1BD7ED43D69}.Debug|Any CPU.Build.0 = Debug|Any CPU
		{B8DE4FAC-0440-4FAB-AF63-A1BD7ED43D69}.Release|Any CPU.ActiveCfg = Release|Any CPU
		{B8DE4FAC-0440-4FAB-AF63-A1BD7ED43D69}.Release|Any CPU.Build.0 = Release|Any CPU
		{1E9407C0-4D66-45B2-BEAC-E179EEE3303E}.Debug|Any CPU.ActiveCfg = Debug|Any CPU
		{1E9407C0-4D66-45B2-BEAC-E179EEE3303E}.Debug|Any CPU.Build.0 = Debug|Any CPU
		{1E9407C0-4D66-45B2-BEAC-E179EEE3303E}.Release|Any CPU.ActiveCfg = Release|Any CPU
		{1E9407C0-4D66-45B2-BEAC-E179EEE3303E}.Release|Any CPU.Build.0 = Release|Any CPU
	EndGlobalSection
	GlobalSection(SolutionProperties) = preSolution
		HideSolutionNode = FALSE
	EndGlobalSection
	GlobalSection(NestedProjects) = preSolution
		{1E9407C0-4D66-45B2-BEAC-E179EEE3303E} = {A0DEA483-7FB6-4C5B-B801-EF5232E895D0}
	EndGlobalSection
	GlobalSection(ExtensibilityGlobals) = postSolution
		SolutionGuid = {600F0929-4A68-42F5-B231-F08A3868C169}
	EndGlobalSection
EndGlobal
